<?xml version="1.0" encoding="utf-8"?>
<Project ToolsVersion="4.0" xmlns="http://schemas.microsoft.com/developer/msbuild/2003">
  <ItemGroup>
    <Filter Include="Source Files">
      <UniqueIdentifier>{143412ad-3b66-4ee8-87a2-848430f6e158}</UniqueIdentifier>
      <Extensions>cpp;c;cxx;rc;def;r;odl;idl;hpj;bat</Extensions>
    </Filter>
    <Filter Include="Header Files">
      <UniqueIdentifier>{114b1bce-d1bb-4fa9-85c8-02583bb8e22c}</UniqueIdentifier>
      <Extensions>h;hpp;hxx;hm;inl</Extensions>
    </Filter>
    <Filter Include="Resource Files">
      <UniqueIdentifier>{a650aa49-c949-4d2b-927d-609166042190}</UniqueIdentifier>
      <Extensions>ico;cur;bmp;dlg;rc2;rct;bin;rgs;gif;jpg;jpeg;jpe</Extensions>
    </Filter>
  </ItemGroup>
  <ItemGroup>
    <ClCompile Include="EIM02.cpp">
      <Filter>Source Files</Filter>
    </ClCompile>
    <ClCompile Include="EIM02Dlg.cpp">
      <Filter>Source Files</Filter>
    </ClCompile>
    <ClCompile Include="EIM_ViewHistory.cpp">
      <Filter>Source Files</Filter>
    </ClCompile>
    <ClCompile Include="EIMChatingWaiter.cpp">
      <Filter>Source Files</Filter>
    </ClCompile>
    <ClCompile Include="em\EM_FileReceiving.cpp">
      <Filter>Source Files</Filter>
    </ClCompile>
    <ClCompile Include="em\EM_FileSendingDlg.cpp">
      <Filter>Source Files</Filter>
    </ClCompile>
    <ClCompile Include="em\EM_GroupInfo.cpp">
      <Filter>Source Files</Filter>
    </ClCompile>
    <ClCompile Include="EM_MsgDlg.cpp">
      <Filter>Source Files</Filter>
    </ClCompile>
    <ClCompile Include="EM_RecvChat.cpp">
      <Filter>Source Files</Filter>
    </ClCompile>
    <ClCompile Include="EM_SendChat.cpp">
      <Filter>Source Files</Filter>
    </ClCompile>
    <ClCompile Include="em\EM_UserInfo.cpp">
      <Filter>Source Files</Filter>
    </ClCompile>
    <ClCompile Include="em\EM_UserLogin.cpp">
      <Filter>Source Files</Filter>
    </ClCompile>
    <ClCompile Include="EM_UserProperty.cpp">
      <Filter>Source Files</Filter>
    </ClCompile>
    <ClCompile Include="em\EM_UserTree.cpp">
      <Filter>Source Files</Filter>
    </ClCompile>
    <ClCompile Include="em\EMRichEdit.cpp">
      <Filter>Source Files</Filter>
    </ClCompile>
    <ClCompile Include="freeeim_config.cpp">
      <Filter>Source Files</Filter>
    </ClCompile>
    <ClCompile Include="freeeim_history.cpp">
      <Filter>Source Files</Filter>
    </ClCompile>
    <ClCompile Include="freeeim_message_logic.cpp">
      <Filter>Source Files</Filter>
    </ClCompile>
    <ClCompile Include="freeeim_package.cpp">
      <Filter>Source Files</Filter>
    </ClCompile>
    <ClCompile Include="freeeim_user_logic.cpp">
      <Filter>Source Files</Filter>
    </ClCompile>
    <ClCompile Include="thirdpartclass\GetHardSoftInfo.cpp">
      <Filter>Source Files</Filter>
    </ClCompile>
    <ClCompile Include="ImageDataObject.cpp">
      <Filter>Source Files</Filter>
    </ClCompile>
    <ClCompile Include="thirdpartclass\INI.cpp">
      <Filter>Source Files</Filter>
    </ClCompile>
    <ClCompile Include="MSGReceiver.cpp">
      <Filter>Source Files</Filter>
    </ClCompile>
    <ClCompile Include="thirdpartclass\PictureEx.cpp">
      <Filter>Source Files</Filter>
    </ClCompile>
    <ClCompile Include="StdAfx.cpp">
      <Filter>Source Files</Filter>
    </ClCompile>
    <ClCompile Include="em\stdemdef.cpp">
      <Filter>Source Files</Filter>
    </ClCompile>
    <ClCompile Include="thirdpartclass\SystemTray.cpp">
      <Filter>Source Files</Filter>
    </ClCompile>
    <ClCompile Include="UserSettingDlg.cpp">
      <Filter>Source Files</Filter>
    </ClCompile>
    <ClCompile Include="WaveIn.cpp">
      <Filter>Source Files</Filter>
    </ClCompile>
    <ClCompile Include="WaveOut.cpp">
      <Filter>Source Files</Filter>
    </ClCompile>
    <ClCompile Include="webbrowser2.cpp">
      <Filter>Source Files</Filter>
    </ClCompile>
    <ClCompile Include="thirdpartclass\WinAppEx.cpp">
      <Filter>Source Files</Filter>
    </ClCompile>
    <ClCompile Include="XEIM_Database.cpp">
      <Filter>Source Files</Filter>
    </ClCompile>
  </ItemGroup>
  <ItemGroup>
    <ResourceCompile Include="EIM02.rc">
      <Filter>Source Files</Filter>
    </ResourceCompile>
  </ItemGroup>
  <ItemGroup>
    <ClInclude Include="EIM02.h">
      <Filter>Header Files</Filter>
    </ClInclude>
    <ClInclude Include="EIM02Dlg.h">
      <Filter>Header Files</Filter>
    </ClInclude>
    <ClInclude Include="EIM_ViewHistory.h">
      <Filter>Header Files</Filter>
    </ClInclude>
    <ClInclude Include="EIMChatingWaiter.h">
      <Filter>Header Files</Filter>
    </ClInclude>
    <ClInclude Include="em\EM_FileReceiving.h">
      <Filter>Header Files</Filter>
    </ClInclude>
    <ClInclude Include="em\EM_FileSendingDlg.h">
      <Filter>Header Files</Filter>
    </ClInclude>
    <ClInclude Include="em\EM_GroupInfo.h">
      <Filter>Header Files</Filter>
    </ClInclude>
    <ClInclude Include="EM_MsgDlg.h">
      <Filter>Header Files</Filter>
    </ClInclude>
    <ClInclude Include="EM_RecvChat.h">
      <Filter>Header Files</Filter>
    </ClInclude>
    <ClInclude Include="EM_SendChat.h">
      <Filter>Header Files</Filter>
    </ClInclude>
    <ClInclude Include="em\EM_UserInfo.h">
      <Filter>Header Files</Filter>
    </ClInclude>
    <ClInclude Include="em\EM_UserLogin.h">
      <Filter>Header Files</Filter>
    </ClInclude>
    <ClInclude Include="EM_UserProperty.h">
      <Filter>Header Files</Filter>
    </ClInclude>
    <ClInclude Include="em\EM_UserTree.h">
      <Filter>Header Files</Filter>
    </ClInclude>
    <ClInclude Include="em\EMRichEdit.h">
      <Filter>Header Files</Filter>
    </ClInclude>
    <ClInclude Include="freeeim_config.h">
      <Filter>Header Files</Filter>
    </ClInclude>
    <ClInclude Include="freeeim_history.h">
      <Filter>Header Files</Filter>
    </ClInclude>
    <ClInclude Include="freeeim_message_logic.h">
      <Filter>Header Files</Filter>
    </ClInclude>
    <ClInclude Include="freeeim_package.h">
      <Filter>Header Files</Filter>
    </ClInclude>
    <ClInclude Include="freeeim_user_logic.h">
      <Filter>Header Files</Filter>
    </ClInclude>
    <ClInclude Include="thirdpartclass\GetHardSoftInfo.h">
      <Filter>Header Files</Filter>
    </ClInclude>
    <ClInclude Include="ImageDataObject.h">
      <Filter>Header Files</Filter>
    </ClInclude>
    <ClInclude Include="thirdpartclass\INI.h">
      <Filter>Header Files</Filter>
    </ClInclude>
    <ClInclude Include="MSGReceiver.h">
      <Filter>Header Files</Filter>
    </ClInclude>
    <ClInclude Include="thirdpartclass\PictureEx.h">
      <Filter>Header Files</Filter>
    </ClInclude>
    <ClInclude Include="Resource.h">
      <Filter>Header Files</Filter>
    </ClInclude>
    <ClInclude Include="StdAfx.h">
      <Filter>Header Files</Filter>
    </ClInclude>
    <ClInclude Include="em\stdemdef.h">
      <Filter>Header Files</Filter>
    </ClInclude>
    <ClInclude Include="thirdpartclass\SystemTray.h">
      <Filter>Header Files</Filter>
    </ClInclude>
    <ClInclude Include="UserSettingDlg.h">
      <Filter>Header Files</Filter>
    </ClInclude>
    <ClInclude Include="WaveIn.h">
      <Filter>Header Files</Filter>
    </ClInclude>
    <ClInclude Include="WaveOut.h">
      <Filter>Header Files</Filter>
    </ClInclude>
    <ClInclude Include="webbrowser2.h">
      <Filter>Header Files</Filter>
    </ClInclude>
    <ClInclude Include="thirdpartclass\WinAppEx.h">
      <Filter>Header Files</Filter>
    </ClInclude>
    <ClInclude Include="XEIM_Database.h">
      <Filter>Header Files</Filter>
    </ClInclude>
  </ItemGroup>
  <ItemGroup>
    <CustomBuild Include="res\bitmap4.bmp">
      <Filter>Resource Files</Filter>
    </CustomBuild>
    <CustomBuild Include="res\chat.ico">
      <Filter>Resource Files</Filter>
    </CustomBuild>
    <CustomBuild Include="res\default1.bin">
      <Filter>Resource Files</Filter>
    </CustomBuild>
    <CustomBuild Include="res\edit_user.ico">
      <Filter>Resource Files</Filter>
    </CustomBuild>
    <CustomBuild Include="res\EIM02.ico">
      <Filter>Resource Files</Filter>
    </CustomBuild>
    <CustomBuild Include="res\EIM02.rc2">
      <Filter>Resource Files</Filter>
    </CustomBuild>
    <CustomBuild Include="res\history.ico">
      <Filter>Resource Files</Filter>
    </CustomBuild>
    <CustomBuild Include="res\i_animated_loading_32_2.gif">
      <Filter>Resource Files</Filter>
    </CustomBuild>
    <CustomBuild Include="res\List.bmp">
      <Filter>Resource Files</Filter>
    </CustomBuild>
    <CustomBuild Include="res\MAINFRAME_CONTACT.bmp">
      <Filter>Resource Files</Filter>
    </CustomBuild>
    <CustomBuild Include="res\MAINFRAME_LINE.bmp">
      <Filter>Resource Files</Filter>
    </CustomBuild>
    <CustomBuild Include="res\toolbar1.bmp">
      <Filter>Resource Files</Filter>
    </CustomBuild>
    <CustomBuild Include="res\Toolbar256.bmp">
      <Filter>Resource Files</Filter>
    </CustomBuild>
    <CustomBuild Include="res\usericon.bmp">
      <Filter>Resource Files</Filter>
    </CustomBuild>
    <CustomBuild Include="ReadMe.txt" />
  </ItemGroup>
</Project>